{
  "name": "gh-trusted-builds-workflows",
  "version": "1.0.0",
  "lockfileVersion": 3,
  "requires": true,
  "packages": {
    "": {
      "name": "gh-trusted-builds-workflows",
      "version": "1.0.0",
      "devDependencies": {
        "@octokit/auth-app": "6.0.0",
        "@octokit/rest": "20.0.1",
        "adm-zip": "0.5.10",
        "async": "3.2.4",
        "config": "3.3.9",
        "prettier": "2.8.8"
      }
    },
    "node_modules/@octokit/auth-app": {
      "version": "6.0.0",
      "resolved": "https://registry.npmjs.org/@octokit/auth-app/-/auth-app-6.0.0.tgz",
      "integrity": "sha512-OKct7Rukf3g9DjpzcpdacQsdmd6oPrJ7fZND22JkjzhDvfhttUOnmh+qPS4kHhaNNyTxqSThnfrUWvkqNLd1nw==",
      "dev": true,
      "dependencies": {
        "@octokit/auth-oauth-app": "^7.0.0",
        "@octokit/auth-oauth-user": "^4.0.0",
        "@octokit/request": "^8.0.2",
        "@octokit/request-error": "^5.0.0",
        "@octokit/types": "^11.0.0",
        "deprecation": "^2.3.1",
        "lru-cache": "^10.0.0",
        "universal-github-app-jwt": "^1.1.1",
        "universal-user-agent": "^6.0.0"
      },
      "engines": {
        "node": ">= 18"
      }
    },
    "node_modules/@octokit/auth-oauth-app": {
      "version": "7.0.0",
      "resolved": "https://registry.npmjs.org/@octokit/auth-oauth-app/-/auth-oauth-app-7.0.0.tgz",
      "integrity": "sha512-8JvJEXGoEqrbzLwt3SwIUvkDd+1wrM8up0KawvDIElB8rbxPbvWppGO0SLKAWSJ0q8ILcVq+mWck6pDcZ3a9KA==",
      "dev": true,
      "dependencies": {
        "@octokit/auth-oauth-device": "^6.0.0",
        "@octokit/auth-oauth-user": "^4.0.0",
        "@octokit/request": "^8.0.2",
        "@octokit/types": "^11.0.0",
        "@types/btoa-lite": "^1.0.0",
        "btoa-lite": "^1.0.0",
        "universal-user-agent": "^6.0.0"
      },
      "engines": {
        "node": ">= 18"
      }
    },
    "node_modules/@octokit/auth-oauth-device": {
      "version": "6.0.0",
      "resolved": "https://registry.npmjs.org/@octokit/auth-oauth-device/-/auth-oauth-device-6.0.0.tgz",
      "integrity": "sha512-Zgf/LKhwWk54rJaTGYVYtbKgUty+ouil6VQeRd+pCw7Gd0ECoSWaZuHK6uDGC/HtnWHjpSWFhzxPauDoHcNRtg==",
      "dev": true,
      "dependencies": {
        "@octokit/oauth-methods": "^4.0.0",
        "@octokit/request": "^8.0.0",
        "@octokit/types": "^11.0.0",
        "universal-user-agent": "^6.0.0"
      },
      "engines": {
        "node": ">= 18"
      }
    },
    "node_modules/@octokit/auth-oauth-user": {
      "version": "4.0.0",
      "resolved": "https://registry.npmjs.org/@octokit/auth-oauth-user/-/auth-oauth-user-4.0.0.tgz",
      "integrity": "sha512-VOm5aIkVGHaOhIvsF/4YmSjoYDzzrKbbYkdSEO0KqHK7I8SlO3ZndSikQ1fBlNPUEH0ve2BOTxLrVvI1qBf9/Q==",
      "dev": true,
      "dependencies": {
        "@octokit/auth-oauth-device": "^6.0.0",
        "@octokit/oauth-methods": "^4.0.0",
        "@octokit/request": "^8.0.2",
        "@octokit/types": "^11.0.0",
        "btoa-lite": "^1.0.0",
        "universal-user-agent": "^6.0.0"
      },
      "engines": {
        "node": ">= 18"
      }
    },
    "node_modules/@octokit/auth-token": {
      "version": "4.0.0",
      "resolved": "https://registry.npmjs.org/@octokit/auth-token/-/auth-token-4.0.0.tgz",
      "integrity": "sha512-tY/msAuJo6ARbK6SPIxZrPBms3xPbfwBrulZe0Wtr/DIY9lje2HeV1uoebShn6mx7SjCHif6EjMvoREj+gZ+SA==",
      "dev": true,
      "engines": {
        "node": ">= 18"
      }
    },
    "node_modules/@octokit/core": {
      "version": "5.0.0",
      "resolved": "https://registry.npmjs.org/@octokit/core/-/core-5.0.0.tgz",
      "integrity": "sha512-YbAtMWIrbZ9FCXbLwT9wWB8TyLjq9mxpKdgB3dUNxQcIVTf9hJ70gRPwAcqGZdY6WdJPZ0I7jLaaNDCiloGN2A==",
      "dev": true,
      "dependencies": {
        "@octokit/auth-token": "^4.0.0",
        "@octokit/graphql": "^7.0.0",
        "@octokit/request": "^8.0.2",
        "@octokit/request-error": "^5.0.0",
        "@octokit/types": "^11.0.0",
        "before-after-hook": "^2.2.0",
        "universal-user-agent": "^6.0.0"
      },
      "engines": {
        "node": ">= 18"
      }
    },
    "node_modules/@octokit/endpoint": {
      "version": "9.0.0",
      "resolved": "https://registry.npmjs.org/@octokit/endpoint/-/endpoint-9.0.0.tgz",
      "integrity": "sha512-szrQhiqJ88gghWY2Htt8MqUDO6++E/EIXqJ2ZEp5ma3uGS46o7LZAzSLt49myB7rT+Hfw5Y6gO3LmOxGzHijAQ==",
      "dev": true,
      "dependencies": {
        "@octokit/types": "^11.0.0",
        "is-plain-object": "^5.0.0",
        "universal-user-agent": "^6.0.0"
      },
      "engines": {
        "node": ">= 18"
      }
    },
    "node_modules/@octokit/graphql": {
      "version": "7.0.1",
      "resolved": "https://registry.npmjs.org/@octokit/graphql/-/graphql-7.0.1.tgz",
      "integrity": "sha512-T5S3oZ1JOE58gom6MIcrgwZXzTaxRnxBso58xhozxHpOqSTgDS6YNeEUvZ/kRvXgPrRz/KHnZhtb7jUMRi9E6w==",
      "dev": true,
      "dependencies": {
        "@octokit/request": "^8.0.1",
        "@octokit/types": "^11.0.0",
        "universal-user-agent": "^6.0.0"
      },
      "engines": {
        "node": ">= 18"
      }
    },
    "node_modules/@octokit/oauth-authorization-url": {
      "version": "6.0.2",
      "resolved": "https://registry.npmjs.org/@octokit/oauth-authorization-url/-/oauth-authorization-url-6.0.2.tgz",
      "integrity": "sha512-CdoJukjXXxqLNK4y/VOiVzQVjibqoj/xHgInekviUJV73y/BSIcwvJ/4aNHPBPKcPWFnd4/lO9uqRV65jXhcLA==",
      "dev": true,
      "engines": {
        "node": ">= 18"
      }
    },
    "node_modules/@octokit/oauth-methods": {
      "version": "4.0.0",
      "resolved": "https://registry.npmjs.org/@octokit/oauth-methods/-/oauth-methods-4.0.0.tgz",
      "integrity": "sha512-dqy7BZLfLbi3/8X8xPKUKZclMEK9vN3fK5WF3ortRvtplQTszFvdAGbTo71gGLO+4ZxspNiLjnqdd64Chklf7w==",
      "dev": true,
      "dependencies": {
        "@octokit/oauth-authorization-url": "^6.0.2",
        "@octokit/request": "^8.0.2",
        "@octokit/request-error": "^5.0.0",
        "@octokit/types": "^11.0.0",
        "btoa-lite": "^1.0.0"
      },
      "engines": {
        "node": ">= 18"
      }
    },
    "node_modules/@octokit/openapi-types": {
      "version": "18.0.0",
      "resolved": "https://registry.npmjs.org/@octokit/openapi-types/-/openapi-types-18.0.0.tgz",
      "integrity": "sha512-V8GImKs3TeQRxRtXFpG2wl19V7444NIOTDF24AWuIbmNaNYOQMWRbjcGDXV5B+0n887fgDcuMNOmlul+k+oJtw==",
      "dev": true
    },
    "node_modules/@octokit/plugin-paginate-rest": {
      "version": "8.0.0",
      "resolved": "https://registry.npmjs.org/@octokit/plugin-paginate-rest/-/plugin-paginate-rest-8.0.0.tgz",
      "integrity": "sha512-2xZ+baZWUg+qudVXnnvXz7qfrTmDeYPCzangBVq/1gXxii/OiS//4shJp9dnCCvj1x+JAm9ji1Egwm1BA47lPQ==",
      "dev": true,
      "dependencies": {
        "@octokit/types": "^11.0.0"
      },
      "engines": {
        "node": ">= 18"
      },
      "peerDependencies": {
        "@octokit/core": ">=5"
      }
    },
    "node_modules/@octokit/plugin-request-log": {
      "version": "4.0.0",
      "resolved": "https://registry.npmjs.org/@octokit/plugin-request-log/-/plugin-request-log-4.0.0.tgz",
      "integrity": "sha512-2uJI1COtYCq8Z4yNSnM231TgH50bRkheQ9+aH8TnZanB6QilOnx8RMD2qsnamSOXtDj0ilxvevf5fGsBhBBzKA==",
      "dev": true,
      "engines": {
        "node": ">= 18"
      },
      "peerDependencies": {
        "@octokit/core": ">=5"
      }
    },
    "node_modules/@octokit/plugin-rest-endpoint-methods": {
      "version": "9.0.0",
      "resolved": "https://registry.npmjs.org/@octokit/plugin-rest-endpoint-methods/-/plugin-rest-endpoint-methods-9.0.0.tgz",
      "integrity": "sha512-KquMF/VB1IkKNiVnzJKspY5mFgGyLd7HzdJfVEGTJFzqu9BRFNWt+nwTCMuUiWc72gLQhRWYubTwOkQj+w/1PA==",
      "dev": true,
      "dependencies": {
        "@octokit/types": "^11.0.0"
      },
      "engines": {
        "node": ">= 18"
      },
      "peerDependencies": {
        "@octokit/core": ">=5"
      }
    },
    "node_modules/@octokit/request": {
      "version": "8.0.4",
      "resolved": "https://registry.npmjs.org/@octokit/request/-/request-8.0.4.tgz",
      "integrity": "sha512-YZ1XeDRil4ejHKoBP8BgROgP4auOH5A9lLZH96l39GKKEmsKOccQxKP5M7m+Punblg1bFw8LrdeKIDwIzQ8afA==",
      "dev": true,
      "dependencies": {
        "@octokit/endpoint": "^9.0.0",
        "@octokit/request-error": "^5.0.0",
        "@octokit/types": "^11.0.0",
        "is-plain-object": "^5.0.0",
        "universal-user-agent": "^6.0.0"
      },
      "engines": {
        "node": ">= 18"
      }
    },
    "node_modules/@octokit/request-error": {
      "version": "5.0.0",
      "resolved": "https://registry.npmjs.org/@octokit/request-error/-/request-error-5.0.0.tgz",
      "integrity": "sha512-1ue0DH0Lif5iEqT52+Rf/hf0RmGO9NWFjrzmrkArpG9trFfDM/efx00BJHdLGuro4BR/gECxCU2Twf5OKrRFsQ==",
      "dev": true,
      "dependencies": {
        "@octokit/types": "^11.0.0",
        "deprecation": "^2.0.0",
        "once": "^1.4.0"
      },
      "engines": {
        "node": ">= 18"
      }
    },
    "node_modules/@octokit/rest": {
      "version": "20.0.1",
      "resolved": "https://registry.npmjs.org/@octokit/rest/-/rest-20.0.1.tgz",
      "integrity": "sha512-wROV21RwHQIMNb2Dgd4+pY+dVy1Dwmp85pBrgr6YRRDYRBu9Gb+D73f4Bl2EukZSj5hInq2Tui9o7gAQpc2k2Q==",
      "dev": true,
      "dependencies": {
        "@octokit/core": "^5.0.0",
        "@octokit/plugin-paginate-rest": "^8.0.0",
        "@octokit/plugin-request-log": "^4.0.0",
        "@octokit/plugin-rest-endpoint-methods": "^9.0.0"
      },
      "engines": {
        "node": ">= 18"
      }
    },
    "node_modules/@octokit/types": {
      "version": "11.1.0",
      "resolved": "https://registry.npmjs.org/@octokit/types/-/types-11.1.0.tgz",
      "integrity": "sha512-Fz0+7GyLm/bHt8fwEqgvRBWwIV1S6wRRyq+V6exRKLVWaKGsuy6H9QFYeBVDV7rK6fO3XwHgQOPxv+cLj2zpXQ==",
      "dev": true,
      "dependencies": {
        "@octokit/openapi-types": "^18.0.0"
      }
    },
    "node_modules/@types/btoa-lite": {
      "version": "1.0.0",
      "resolved": "https://registry.npmjs.org/@types/btoa-lite/-/btoa-lite-1.0.0.tgz",
      "integrity": "sha512-wJsiX1tosQ+J5+bY5LrSahHxr2wT+uME5UDwdN1kg4frt40euqA+wzECkmq4t5QbveHiJepfdThgQrPw6KiSlg==",
      "dev": true
    },
    "node_modules/@types/jsonwebtoken": {
      "version": "9.0.2",
      "resolved": "https://registry.npmjs.org/@types/jsonwebtoken/-/jsonwebtoken-9.0.2.tgz",
      "integrity": "sha512-drE6uz7QBKq1fYqqoFKTDRdFCPHd5TCub75BM+D+cMx7NU9hUz7SESLfC2fSCXVFMO5Yj8sOWHuGqPgjc+fz0Q==",
      "dev": true,
      "dependencies": {
        "@types/node": "*"
      }
    },
    "node_modules/@types/node": {
      "version": "20.3.1",
      "resolved": "https://registry.npmjs.org/@types/node/-/node-20.3.1.tgz",
      "integrity": "sha512-EhcH/wvidPy1WeML3TtYFGR83UzjxeWRen9V402T8aUGYsCHOmfoisV3ZSg03gAFIbLq8TnWOJ0f4cALtnSEUg==",
      "dev": true
    },
    "node_modules/adm-zip": {
      "version": "0.5.10",
      "resolved": "https://registry.npmjs.org/adm-zip/-/adm-zip-0.5.10.tgz",
      "integrity": "sha512-x0HvcHqVJNTPk/Bw8JbLWlWoo6Wwnsug0fnYYro1HBrjxZ3G7/AZk7Ahv8JwDe1uIcz8eBqvu86FuF1POiG7vQ==",
      "dev": true,
      "engines": {
        "node": ">=6.0"
      }
    },
    "node_modules/async": {
      "version": "3.2.4",
      "resolved": "https://registry.npmjs.org/async/-/async-3.2.4.tgz",
      "integrity": "sha512-iAB+JbDEGXhyIUavoDl9WP/Jj106Kz9DEn1DPgYw5ruDn0e3Wgi3sKFm55sASdGBNOQB8F59d9qQ7deqrHA8wQ==",
      "dev": true
    },
    "node_modules/before-after-hook": {
      "version": "2.2.3",
      "resolved": "https://registry.npmjs.org/before-after-hook/-/before-after-hook-2.2.3.tgz",
      "integrity": "sha512-NzUnlZexiaH/46WDhANlyR2bXRopNg4F/zuSA3OpZnllCUgRaOF2znDioDWrmbNVsuZk6l9pMquQB38cfBZwkQ==",
      "dev": true
    },
    "node_modules/btoa-lite": {
      "version": "1.0.0",
      "resolved": "https://registry.npmjs.org/btoa-lite/-/btoa-lite-1.0.0.tgz",
      "integrity": "sha512-gvW7InbIyF8AicrqWoptdW08pUxuhq8BEgowNajy9RhiE86fmGAGl+bLKo6oB8QP0CkqHLowfN0oJdKC/J6LbA==",
      "dev": true
    },
    "node_modules/buffer-equal-constant-time": {
      "version": "1.0.1",
      "resolved": "https://registry.npmjs.org/buffer-equal-constant-time/-/buffer-equal-constant-time-1.0.1.tgz",
      "integrity": "sha512-zRpUiDwd/xk6ADqPMATG8vc9VPrkck7T07OIx0gnjmJAnHnTVXNQG3vfvWNuiZIkwu9KrKdA1iJKfsfTVxE6NA==",
      "dev": true
    },
    "node_modules/config": {
      "version": "3.3.9",
      "resolved": "https://registry.npmjs.org/config/-/config-3.3.9.tgz",
      "integrity": "sha512-G17nfe+cY7kR0wVpc49NCYvNtelm/pPy8czHoFkAgtV1lkmcp7DHtWCdDu+C9Z7gb2WVqa9Tm3uF9aKaPbCfhg==",
      "dev": true,
      "dependencies": {
        "json5": "^2.2.3"
      },
      "engines": {
        "node": ">= 10.0.0"
      }
    },
    "node_modules/deprecation": {
      "version": "2.3.1",
      "resolved": "https://registry.npmjs.org/deprecation/-/deprecation-2.3.1.tgz",
      "integrity": "sha512-xmHIy4F3scKVwMsQ4WnVaS8bHOx0DmVwRywosKhaILI0ywMDWPtBSku2HNxRvF7jtwDRsoEwYQSfbxj8b7RlJQ==",
      "dev": true
    },
    "node_modules/ecdsa-sig-formatter": {
      "version": "1.0.11",
      "resolved": "https://registry.npmjs.org/ecdsa-sig-formatter/-/ecdsa-sig-formatter-1.0.11.tgz",
      "integrity": "sha512-nagl3RYrbNv6kQkeJIpt6NJZy8twLB/2vtz6yN9Z4vRKHN4/QZJIEbqohALSgwKdnksuY3k5Addp5lg8sVoVcQ==",
      "dev": true,
      "dependencies": {
        "safe-buffer": "^5.0.1"
      }
    },
    "node_modules/is-plain-object": {
      "version": "5.0.0",
      "resolved": "https://registry.npmjs.org/is-plain-object/-/is-plain-object-5.0.0.tgz",
      "integrity": "sha512-VRSzKkbMm5jMDoKLbltAkFQ5Qr7VDiTFGXxYFXXowVj387GeGNOCsOH6Msy00SGZ3Fp84b1Naa1psqgcCIEP5Q==",
      "dev": true,
      "engines": {
        "node": ">=0.10.0"
      }
    },
    "node_modules/json5": {
      "version": "2.2.3",
      "resolved": "https://registry.npmjs.org/json5/-/json5-2.2.3.tgz",
      "integrity": "sha512-XmOWe7eyHYH14cLdVPoyg+GOH3rYX++KpzrylJwSW98t3Nk+U8XOl8FWKOgwtzdb8lXGf6zYwDUzeHMWfxasyg==",
      "dev": true,
      "bin": {
        "json5": "lib/cli.js"
      },
      "engines": {
        "node": ">=6"
      }
    },
    "node_modules/jsonwebtoken": {
      "version": "9.0.0",
      "resolved": "https://registry.npmjs.org/jsonwebtoken/-/jsonwebtoken-9.0.0.tgz",
      "integrity": "sha512-tuGfYXxkQGDPnLJ7SibiQgVgeDgfbPq2k2ICcbgqW8WxWLBAxKQM/ZCu/IT8SOSwmaYl4dpTFCW5xZv7YbbWUw==",
      "dev": true,
      "dependencies": {
        "jws": "^3.2.2",
        "lodash": "^4.17.21",
        "ms": "^2.1.1",
        "semver": "^7.3.8"
      },
      "engines": {
        "node": ">=12",
        "npm": ">=6"
      }
    },
    "node_modules/jwa": {
      "version": "1.4.1",
      "resolved": "https://registry.npmjs.org/jwa/-/jwa-1.4.1.tgz",
      "integrity": "sha512-qiLX/xhEEFKUAJ6FiBMbes3w9ATzyk5W7Hvzpa/SLYdxNtng+gcurvrI7TbACjIXlsJyr05/S1oUhZrc63evQA==",
      "dev": true,
      "dependencies": {
        "buffer-equal-constant-time": "1.0.1",
        "ecdsa-sig-formatter": "1.0.11",
        "safe-buffer": "^5.0.1"
      }
    },
    "node_modules/jws": {
      "version": "3.2.2",
      "resolved": "https://registry.npmjs.org/jws/-/jws-3.2.2.tgz",
      "integrity": "sha512-YHlZCB6lMTllWDtSPHz/ZXTsi8S00usEV6v1tjq8tOUZzw7DpSDWVXjXDre6ed1w/pd495ODpHZYSdkRTsa0HA==",
      "dev": true,
      "dependencies": {
        "jwa": "^1.4.1",
        "safe-buffer": "^5.0.1"
      }
    },
    "node_modules/lodash": {
      "version": "4.17.21",
      "resolved": "https://registry.npmjs.org/lodash/-/lodash-4.17.21.tgz",
      "integrity": "sha512-v2kDEe57lecTulaDIuNTPy3Ry4gLGJ6Z1O3vE1krgXZNrsQ+LFTGHVxVjcXPs17LhbZVGedAJv8XZ1tvj5FvSg==",
      "dev": true
    },
    "node_modules/lru-cache": {
      "version": "10.0.0",
      "resolved": "https://registry.npmjs.org/lru-cache/-/lru-cache-10.0.0.tgz",
      "integrity": "sha512-svTf/fzsKHffP42sujkO/Rjs37BCIsQVRCeNYIm9WN8rgT7ffoUnRtZCqU+6BqcSBdv8gwJeTz8knJpgACeQMw==",
      "dev": true,
      "engines": {
        "node": "14 || >=16.14"
      }
    },
    "node_modules/ms": {
      "version": "2.1.3",
      "resolved": "https://registry.npmjs.org/ms/-/ms-2.1.3.tgz",
      "integrity": "sha512-6FlzubTLZG3J2a/NVCAleEhjzq5oxgHyaCU9yYXvcLsvoVaHJq/s5xXI6/XXP6tz7R9xAOtHnSO/tXtF3WRTlA==",
      "dev": true
    },
    "node_modules/once": {
      "version": "1.4.0",
      "resolved": "https://registry.npmjs.org/once/-/once-1.4.0.tgz",
      "integrity": "sha512-lNaJgI+2Q5URQBkccEKHTQOPaXdUxnZZElQTZY0MFUAuaEqe1E+Nyvgdz/aIyNi6Z9MzO5dv1H8n58/GELp3+w==",
      "dev": true,
      "dependencies": {
        "wrappy": "1"
      }
    },
    "node_modules/prettier": {
      "version": "2.8.8",
      "resolved": "https://registry.npmjs.org/prettier/-/prettier-2.8.8.tgz",
      "integrity": "sha512-tdN8qQGvNjw4CHbY+XXk0JgCXn9QiF21a55rBe5LJAU+kDyC4WQn4+awm2Xfk2lQMk5fKup9XgzTZtGkjBdP9Q==",
      "dev": true,
      "bin": {
        "prettier": "bin-prettier.js"
      },
      "engines": {
        "node": ">=10.13.0"
      },
      "funding": {
        "url": "https://github.com/prettier/prettier?sponsor=1"
      }
    },
    "node_modules/safe-buffer": {
      "version": "5.2.1",
      "resolved": "https://registry.npmjs.org/safe-buffer/-/safe-buffer-5.2.1.tgz",
      "integrity": "sha512-rp3So07KcdmmKbGvgaNxQSJr7bGVSVk5S9Eq1F+ppbRo70+YeaDxkw5Dd8NPN+GD6bjnYm2VuPuCXmpuYvmCXQ==",
      "dev": true,
      "funding": [
        {
          "type": "github",
          "url": "https://github.com/sponsors/feross"
        },
        {
          "type": "patreon",
          "url": "https://www.patreon.com/feross"
        },
        {
          "type": "consulting",
          "url": "https://feross.org/support"
        }
      ]
    },
    "node_modules/semver": {
      "version": "7.5.3",
      "resolved": "https://registry.npmjs.org/semver/-/semver-7.5.3.tgz",
      "integrity": "sha512-QBlUtyVk/5EeHbi7X0fw6liDZc7BBmEaSYn01fMU1OUYbf6GPsbTtd8WmnqbI20SeycoHSeiybkE/q1Q+qlThQ==",
      "dev": true,
      "dependencies": {
        "lru-cache": "^6.0.0"
      },
      "bin": {
        "semver": "bin/semver.js"
      },
      "engines": {
        "node": ">=10"
      }
    },
    "node_modules/semver/node_modules/lru-cache": {
      "version": "6.0.0",
      "resolved": "https://registry.npmjs.org/lru-cache/-/lru-cache-6.0.0.tgz",
      "integrity": "sha512-Jo6dJ04CmSjuznwJSS3pUeWmd/H0ffTlkXXgwZi+eq1UCmqQwCh+eLsYOYCwY991i2Fah4h1BEMCx4qThGbsiA==",
      "dev": true,
      "dependencies": {
        "yallist": "^4.0.0"
      },
      "engines": {
        "node": ">=10"
      }
    },
    "node_modules/universal-github-app-jwt": {
      "version": "1.1.1",
      "resolved": "https://registry.npmjs.org/universal-github-app-jwt/-/universal-github-app-jwt-1.1.1.tgz",
      "integrity": "sha512-G33RTLrIBMFmlDV4u4CBF7dh71eWwykck4XgaxaIVeZKOYZRAAxvcGMRFTUclVY6xoUPQvO4Ne5wKGxYm/Yy9w==",
      "dev": true,
      "dependencies": {
        "@types/jsonwebtoken": "^9.0.0",
        "jsonwebtoken": "^9.0.0"
      }
    },
    "node_modules/universal-user-agent": {
      "version": "6.0.0",
      "resolved": "https://registry.npmjs.org/universal-user-agent/-/universal-user-agent-6.0.0.tgz",
      "integrity": "sha512-isyNax3wXoKaulPDZWHQqbmIx1k2tb9fb3GGDBRxCscfYV2Ch7WxPArBsFEG8s/safwXTT7H4QGhaIkTp9447w==",
      "dev": true
    },
    "node_modules/wrappy": {
      "version": "1.0.2",
      "resolved": "https://registry.npmjs.org/wrappy/-/wrappy-1.0.2.tgz",
      "integrity": "sha512-l4Sp/DRseor9wL6EvV2+TuQn63dMkPjZ/sp9XkghTEbV9KlPS1xUsZ3u7/IQO4wxtcFB4bgpQPRcR3QCvezPcQ==",
      "dev": true
    },
    "node_modules/yallist": {
      "version": "4.0.0",
      "resolved": "https://registry.npmjs.org/yallist/-/yallist-4.0.0.tgz",
      "integrity": "sha512-3wdGidZyq5PB084XLES5TpOSRA3wjXAlIWMhum2kRcv/41Sn2emQ0dycQW4uZXLejwKvg6EsvbdlVL+FYEct7A==",
      "dev": true
    }
  }
}
